
Microsoft Visual Studio Solution File, Format Version 12.00
# Visual Studio Version 17
VisualStudioVersion = 17.0.31912.275
MinimumVisualStudioVersion = 10.0.40219.1
Project("{FAE04EC0-301F-11D3-BF4B-00C04F79EFBC}") = "WebApplication", "WebApplication\WebApplication.csproj", "{8EFA2001-3459-4144-A8F5-3EFF24472D12}"
EndProject
Project("{FAE04EC0-301F-11D3-BF4B-00C04F79EFBC}") = "Datos", "Datos\Datos.csproj", "{EE0DB21B-EDFC-4BC8-8C45-6EFA8D06AEC2}"
EndProject
Global
	GlobalSection(SolutionConfigurationPlatforms) = preSolution
		Debug|Any CPU = Debug|Any CPU
		Release|Any CPU = Release|Any CPU
	EndGlobalSection
	GlobalSection(ProjectConfigurationPlatforms) = postSolution
		{8EFA2001-3459-4144-A8F5-3EFF24472D12}.Debug|Any CPU.ActiveCfg = Debug|Any CPU
		{8EFA2001-3459-4144-A8F5-3EFF24472D12}.Debug|Any CPU.Build.0 = Debug|Any CPU
		{8EFA2001-3459-4144-A8F5-3EFF24472D12}.Release|Any CPU.ActiveCfg = Release|Any CPU
		{8EFA2001-3459-4144-A8F5-3EFF24472D12}.Release|Any CPU.Build.0 = Release|Any CPU
		{EE0DB21B-EDFC-4BC8-8C45-6EFA8D06AEC2}.Debug|Any CPU.ActiveCfg = Debug|Any CPU
		{EE0DB21B-EDFC-4BC8-8C45-6EFA8D06AEC2}.Debug|Any CPU.Build.0 = Debug|Any CPU
		{EE0DB21B-EDFC-4BC8-8C45-6EFA8D06AEC2}.Release|Any CPU.ActiveCfg = Release|Any CPU
		{EE0DB21B-EDFC-4BC8-8C45-6EFA8D06AEC2}.Release|Any CPU.Build.0 = Release|Any CPU
	EndGlobalSection
	GlobalSection(SolutionProperties) = preSolution
		HideSolutionNode = FALSE
	EndGlobalSection
	GlobalSection(ExtensibilityGlobals) = postSolution
		SolutionGuid = {24244276-E8FF-4E26-86D2-6400985C1E99}
	EndGlobalSection
EndGlobal
